{
  "requires": true,
  "lockfileVersion": 1,
  "dependencies": {
    "bootstrap-less": {
      "version": "3.3.8",
      "resolved": "https://dev.erst.dk/artifactory/api/npm/erst-npm/bootstrap-less/-/bootstrap-less-3.3.8.tgz",
      "integrity": "sha1-cfKd1af//t/onxYFu63+CjONrlM="
    },
    "jquery": {
      "version": "3.6.0",
      "resolved": "https://dev.erst.dk/artifactory/api/npm/erst-npm/jquery/-/jquery-3.6.0.tgz",
      "integrity": "sha1-xyoJ8Vwb3OFC9J2/EXC9+K2sJHA="
    }
  }
}
